
Microsoft Visual Studio Solution File, Format Version 12.00
# Visual Studio Version 16
VisualStudioVersion = 16.0.30503.244
MinimumVisualStudioVersion = 10.0.40219.1
Project("{D954291E-2A0B-460D-934E-DC6B0785DB48}") = "SharedProject2", "SharedProject2\SharedProject2.shproj", "{15DF6FBA-E36D-4A1F-BB19-3CABEE461694}"
EndProject
Global
	GlobalSection(SharedMSBuildProjectFiles) = preSolution
		SharedProject2\SharedProject2.projitems*{15df6fba-e36d-4a1f-bb19-3cabee461694}*SharedItemsImports = 13
	EndGlobalSection
	GlobalSection(SolutionProperties) = preSolution
		HideSolutionNode = FALSE
	EndGlobalSection
	GlobalSection(ExtensibilityGlobals) = postSolution
		SolutionGuid = {23370D49-FFD2-48B2-9FD7-8F03C80A24AF}
	EndGlobalSection
EndGlobal
